
Microsoft Visual Studio Solution File, Format Version 12.00
# Visual Studio 2012
Project("{8BC9CEB8-8B4A-11D0-8D11-00A0C91BC942}") = "SimpleCLM", "exe\SimpleCLM\SimpleCLM_vs2012.vcxproj", "{34032CF2-1B99-4A25-9050-E9C13DD4CD0A}"
EndProject
Project("{8BC9CEB8-8B4A-11D0-8D11-00A0C91BC942}") = "SimpleCLMImg", "exe\SimpleCLMImg\SimpleCLMImg_vs2012.vcxproj", "{DDC3535E-526C-44EC-9DF4-739E2D3A323B}"
EndProject
Project("{8BC9CEB8-8B4A-11D0-8D11-00A0C91BC942}") = "Recording", "exe\Recording\Recording_vs2012.vcxproj", "{2D80FA0B-2DE8-4475-BA5A-C08A9E1EDAAC}"
EndProject
Project("{2150E333-8FDC-42A3-9474-1A3956D46DE8}") = "Solution Items", "Solution Items", "{05BD3423-2A81-44E5-B599-C42D94E95B76}"
EndProject
Project("{8BC9CEB8-8B4A-11D0-8D11-00A0C91BC942}") = "MultiTrackCLM", "exe\MultiTrackCLM\MultiTrackCLM_vs2012.vcxproj", "{C3FAF36F-44BC-4454-87C2-C5106575FE50}"
EndProject
Project("{8BC9CEB8-8B4A-11D0-8D11-00A0C91BC942}") = "CLM", "lib\local\CLM\CLM_vs2012.vcxproj", "{BDC1D107-DE17-4705-8E7B-CDDE8BFB2BF8}"
EndProject
Project("{8BC9CEB8-8B4A-11D0-8D11-00A0C91BC942}") = "dlib", "lib\3rdParty\dlib\dlib.vcxproj", "{B47A5F12-2567-44E9-AE49-35763EC82149}"
EndProject
Project("{8BC9CEB8-8B4A-11D0-8D11-00A0C91BC942}") = "FeatureExtraction", "exe\FeatureExtraction\FeatureExtraction_vs2012.vcxproj", "{8A23C00D-767D-422D-89A3-CF225E3DAB4B}"
EndProject
Project("{8BC9CEB8-8B4A-11D0-8D11-00A0C91BC942}") = "CppInterop", "lib\local\CLM_Interop\CLM_Interop_vs2012.vcxproj", "{F9E266F2-EB80-45E9-BD1E-B4D7028745B5}"
EndProject
Project("{8BC9CEB8-8B4A-11D0-8D11-00A0C91BC942}") = "FaceAnalysis", "lib\local\FaceAnalyser\FaceAnalyser_vs2012.vcxproj", "{0E7FC556-0E80-45EA-A876-DDE4C2FEDCD7}"
EndProject
Project("{FAE04EC0-301F-11D3-BF4B-00C04F79EFBC}") = "CLM-framework-GUI", "exe\CLM-framework-GUI\CLM-framework-GUI_vs2012.csproj", "{2542A0F9-7047-435C-9DE6-FFB4E725735E}"
EndProject
Project("{8BC9CEB8-8B4A-11D0-8D11-00A0C91BC942}") = "OpenCVWrappers", "lib\local\OpenCVWrappers\OpenCVWrappers_vs2012.vcxproj", "{DC02D40E-2926-459E-88BE-33D032E85706}"
EndProject
Project("{8BC9CEB8-8B4A-11D0-8D11-00A0C91BC942}") = "CamCom", "lib\local\CamCom\CamCom_vs2012.vcxproj", "{DE6F7DFF-8AAE-4908-82F7-245D62CAB8C9}"
EndProject
Project("{FAE04EC0-301F-11D3-BF4B-00C04F79EFBC}") = "HeadPose-file", "exe\HeadPose-file\HeadPose-file_vs2012.csproj", "{A3FCDD45-CFE7-40C7-828D-38FB154ECECF}"
EndProject
Project("{FAE04EC0-301F-11D3-BF4B-00C04F79EFBC}") = "HeadPose-live", "exe\HeadPose-live\HeadPose-live_vs2012.csproj", "{2029BC8D-4AEF-42F7-BE74-641686AB3016}"
EndProject
Global
	GlobalSection(SolutionConfigurationPlatforms) = preSolution
		Debug|Any CPU = Debug|Any CPU
		Debug|Mixed Platforms = Debug|Mixed Platforms
		Debug|Win32 = Debug|Win32
		Release|Any CPU = Release|Any CPU
		Release|Mixed Platforms = Release|Mixed Platforms
		Release|Win32 = Release|Win32
	EndGlobalSection
	GlobalSection(ProjectConfigurationPlatforms) = postSolution
		{34032CF2-1B99-4A25-9050-E9C13DD4CD0A}.Debug|Any CPU.ActiveCfg = Debug|Win32
		{34032CF2-1B99-4A25-9050-E9C13DD4CD0A}.Debug|Mixed Platforms.ActiveCfg = Debug|Win32
		{34032CF2-1B99-4A25-9050-E9C13DD4CD0A}.Debug|Mixed Platforms.Build.0 = Debug|Win32
		{34032CF2-1B99-4A25-9050-E9C13DD4CD0A}.Debug|Win32.ActiveCfg = Debug|Win32
		{34032CF2-1B99-4A25-9050-E9C13DD4CD0A}.Debug|Win32.Build.0 = Debug|Win32
		{34032CF2-1B99-4A25-9050-E9C13DD4CD0A}.Release|Any CPU.ActiveCfg = Release|Win32
		{34032CF2-1B99-4A25-9050-E9C13DD4CD0A}.Release|Mixed Platforms.ActiveCfg = Release|Win32
		{34032CF2-1B99-4A25-9050-E9C13DD4CD0A}.Release|Mixed Platforms.Build.0 = Release|Win32
		{34032CF2-1B99-4A25-9050-E9C13DD4CD0A}.Release|Win32.ActiveCfg = Release|Win32
		{34032CF2-1B99-4A25-9050-E9C13DD4CD0A}.Release|Win32.Build.0 = Release|Win32
		{DDC3535E-526C-44EC-9DF4-739E2D3A323B}.Debug|Any CPU.ActiveCfg = Debug|Win32
		{DDC3535E-526C-44EC-9DF4-739E2D3A323B}.Debug|Mixed Platforms.ActiveCfg = Debug|Win32
		{DDC3535E-526C-44EC-9DF4-739E2D3A323B}.Debug|Mixed Platforms.Build.0 = Debug|Win32
		{DDC3535E-526C-44EC-9DF4-739E2D3A323B}.Debug|Win32.ActiveCfg = Debug|Win32
		{DDC3535E-526C-44EC-9DF4-739E2D3A323B}.Debug|Win32.Build.0 = Debug|Win32
		{DDC3535E-526C-44EC-9DF4-739E2D3A323B}.Release|Any CPU.ActiveCfg = Release|Win32
		{DDC3535E-526C-44EC-9DF4-739E2D3A323B}.Release|Mixed Platforms.ActiveCfg = Release|Win32
		{DDC3535E-526C-44EC-9DF4-739E2D3A323B}.Release|Mixed Platforms.Build.0 = Release|Win32
		{DDC3535E-526C-44EC-9DF4-739E2D3A323B}.Release|Win32.ActiveCfg = Release|Win32
		{DDC3535E-526C-44EC-9DF4-739E2D3A323B}.Release|Win32.Build.0 = Release|Win32
		{2D80FA0B-2DE8-4475-BA5A-C08A9E1EDAAC}.Debug|Any CPU.ActiveCfg = Debug|Win32
		{2D80FA0B-2DE8-4475-BA5A-C08A9E1EDAAC}.Debug|Mixed Platforms.ActiveCfg = Debug|Win32
		{2D80FA0B-2DE8-4475-BA5A-C08A9E1EDAAC}.Debug|Mixed Platforms.Build.0 = Debug|Win32
		{2D80FA0B-2DE8-4475-BA5A-C08A9E1EDAAC}.Debug|Win32.ActiveCfg = Debug|Win32
		{2D80FA0B-2DE8-4475-BA5A-C08A9E1EDAAC}.Debug|Win32.Build.0 = Debug|Win32
		{2D80FA0B-2DE8-4475-BA5A-C08A9E1EDAAC}.Release|Any CPU.ActiveCfg = Release|Win32
		{2D80FA0B-2DE8-4475-BA5A-C08A9E1EDAAC}.Release|Mixed Platforms.ActiveCfg = Release|Win32
		{2D80FA0B-2DE8-4475-BA5A-C08A9E1EDAAC}.Release|Mixed Platforms.Build.0 = Release|Win32
		{2D80FA0B-2DE8-4475-BA5A-C08A9E1EDAAC}.Release|Win32.ActiveCfg = Release|Win32
		{2D80FA0B-2DE8-4475-BA5A-C08A9E1EDAAC}.Release|Win32.Build.0 = Release|Win32
		{C3FAF36F-44BC-4454-87C2-C5106575FE50}.Debug|Any CPU.ActiveCfg = Debug|Win32
		{C3FAF36F-44BC-4454-87C2-C5106575FE50}.Debug|Mixed Platforms.ActiveCfg = Debug|Win32
		{C3FAF36F-44BC-4454-87C2-C5106575FE50}.Debug|Mixed Platforms.Build.0 = Debug|Win32
		{C3FAF36F-44BC-4454-87C2-C5106575FE50}.Debug|Win32.ActiveCfg = Debug|Win32
		{C3FAF36F-44BC-4454-87C2-C5106575FE50}.Debug|Win32.Build.0 = Debug|Win32
		{C3FAF36F-44BC-4454-87C2-C5106575FE50}.Release|Any CPU.ActiveCfg = Release|Win32
		{C3FAF36F-44BC-4454-87C2-C5106575FE50}.Release|Mixed Platforms.ActiveCfg = Release|Win32
		{C3FAF36F-44BC-4454-87C2-C5106575FE50}.Release|Mixed Platforms.Build.0 = Release|Win32
		{C3FAF36F-44BC-4454-87C2-C5106575FE50}.Release|Win32.ActiveCfg = Release|Win32
		{C3FAF36F-44BC-4454-87C2-C5106575FE50}.Release|Win32.Build.0 = Release|Win32
		{BDC1D107-DE17-4705-8E7B-CDDE8BFB2BF8}.Debug|Any CPU.ActiveCfg = Debug|Win32
		{BDC1D107-DE17-4705-8E7B-CDDE8BFB2BF8}.Debug|Mixed Platforms.ActiveCfg = Debug|Win32
		{BDC1D107-DE17-4705-8E7B-CDDE8BFB2BF8}.Debug|Mixed Platforms.Build.0 = Debug|Win32
		{BDC1D107-DE17-4705-8E7B-CDDE8BFB2BF8}.Debug|Win32.ActiveCfg = Debug|Win32
		{BDC1D107-DE17-4705-8E7B-CDDE8BFB2BF8}.Debug|Win32.Build.0 = Debug|Win32
		{BDC1D107-DE17-4705-8E7B-CDDE8BFB2BF8}.Release|Any CPU.ActiveCfg = Release|Win32
		{BDC1D107-DE17-4705-8E7B-CDDE8BFB2BF8}.Release|Mixed Platforms.ActiveCfg = Release|Win32
		{BDC1D107-DE17-4705-8E7B-CDDE8BFB2BF8}.Release|Mixed Platforms.Build.0 = Release|Win32
		{BDC1D107-DE17-4705-8E7B-CDDE8BFB2BF8}.Release|Win32.ActiveCfg = Release|Win32
		{BDC1D107-DE17-4705-8E7B-CDDE8BFB2BF8}.Release|Win32.Build.0 = Release|Win32
		{B47A5F12-2567-44E9-AE49-35763EC82149}.Debug|Any CPU.ActiveCfg = Debug|Win32
		{B47A5F12-2567-44E9-AE49-35763EC82149}.Debug|Mixed Platforms.ActiveCfg = Debug|Win32
		{B47A5F12-2567-44E9-AE49-35763EC82149}.Debug|Mixed Platforms.Build.0 = Debug|Win32
		{B47A5F12-2567-44E9-AE49-35763EC82149}.Debug|Win32.ActiveCfg = Debug|Win32
		{B47A5F12-2567-44E9-AE49-35763EC82149}.Debug|Win32.Build.0 = Debug|Win32
		{B47A5F12-2567-44E9-AE49-35763EC82149}.Release|Any CPU.ActiveCfg = Release|Win32
		{B47A5F12-2567-44E9-AE49-35763EC82149}.Release|Mixed Platforms.ActiveCfg = Release|Win32
		{B47A5F12-2567-44E9-AE49-35763EC82149}.Release|Mixed Platforms.Build.0 = Release|Win32
		{B47A5F12-2567-44E9-AE49-35763EC82149}.Release|Win32.ActiveCfg = Release|Win32
		{B47A5F12-2567-44E9-AE49-35763EC82149}.Release|Win32.Build.0 = Release|Win32
		{8A23C00D-767D-422D-89A3-CF225E3DAB4B}.Debug|Any CPU.ActiveCfg = Debug|Win32
		{8A23C00D-767D-422D-89A3-CF225E3DAB4B}.Debug|Mixed Platforms.ActiveCfg = Debug|Win32
		{8A23C00D-767D-422D-89A3-CF225E3DAB4B}.Debug|Mixed Platforms.Build.0 = Debug|Win32
		{8A23C00D-767D-422D-89A3-CF225E3DAB4B}.Debug|Win32.ActiveCfg = Debug|Win32
		{8A23C00D-767D-422D-89A3-CF225E3DAB4B}.Debug|Win32.Build.0 = Debug|Win32
		{8A23C00D-767D-422D-89A3-CF225E3DAB4B}.Release|Any CPU.ActiveCfg = Release|Win32
		{8A23C00D-767D-422D-89A3-CF225E3DAB4B}.Release|Mixed Platforms.ActiveCfg = Release|Win32
		{8A23C00D-767D-422D-89A3-CF225E3DAB4B}.Release|Mixed Platforms.Build.0 = Release|Win32
		{8A23C00D-767D-422D-89A3-CF225E3DAB4B}.Release|Win32.ActiveCfg = Release|Win32
		{8A23C00D-767D-422D-89A3-CF225E3DAB4B}.Release|Win32.Build.0 = Release|Win32
		{F9E266F2-EB80-45E9-BD1E-B4D7028745B5}.Debug|Any CPU.ActiveCfg = Debug|Win32
		{F9E266F2-EB80-45E9-BD1E-B4D7028745B5}.Debug|Mixed Platforms.ActiveCfg = Debug|Win32
		{F9E266F2-EB80-45E9-BD1E-B4D7028745B5}.Debug|Mixed Platforms.Build.0 = Debug|Win32
		{F9E266F2-EB80-45E9-BD1E-B4D7028745B5}.Debug|Win32.ActiveCfg = Debug|Win32
		{F9E266F2-EB80-45E9-BD1E-B4D7028745B5}.Debug|Win32.Build.0 = Debug|Win32
		{F9E266F2-EB80-45E9-BD1E-B4D7028745B5}.Release|Any CPU.ActiveCfg = Release|Win32
		{F9E266F2-EB80-45E9-BD1E-B4D7028745B5}.Release|Mixed Platforms.ActiveCfg = Release|Win32
		{F9E266F2-EB80-45E9-BD1E-B4D7028745B5}.Release|Mixed Platforms.Build.0 = Release|Win32
		{F9E266F2-EB80-45E9-BD1E-B4D7028745B5}.Release|Win32.ActiveCfg = Release|Win32
		{F9E266F2-EB80-45E9-BD1E-B4D7028745B5}.Release|Win32.Build.0 = Release|Win32
		{0E7FC556-0E80-45EA-A876-DDE4C2FEDCD7}.Debug|Any CPU.ActiveCfg = Release|Win32
		{0E7FC556-0E80-45EA-A876-DDE4C2FEDCD7}.Debug|Mixed Platforms.ActiveCfg = Debug|Win32
		{0E7FC556-0E80-45EA-A876-DDE4C2FEDCD7}.Debug|Mixed Platforms.Build.0 = Debug|Win32
		{0E7FC556-0E80-45EA-A876-DDE4C2FEDCD7}.Debug|Win32.ActiveCfg = Debug|Win32
		{0E7FC556-0E80-45EA-A876-DDE4C2FEDCD7}.Debug|Win32.Build.0 = Debug|Win32
		{0E7FC556-0E80-45EA-A876-DDE4C2FEDCD7}.Release|Any CPU.ActiveCfg = Release|Win32
		{0E7FC556-0E80-45EA-A876-DDE4C2FEDCD7}.Release|Mixed Platforms.ActiveCfg = Release|Win32
		{0E7FC556-0E80-45EA-A876-DDE4C2FEDCD7}.Release|Mixed Platforms.Build.0 = Release|Win32
		{0E7FC556-0E80-45EA-A876-DDE4C2FEDCD7}.Release|Win32.ActiveCfg = Release|Win32
		{0E7FC556-0E80-45EA-A876-DDE4C2FEDCD7}.Release|Win32.Build.0 = Release|Win32
		{2542A0F9-7047-435C-9DE6-FFB4E725735E}.Debug|Any CPU.ActiveCfg = Debug|Any CPU
		{2542A0F9-7047-435C-9DE6-FFB4E725735E}.Debug|Any CPU.Build.0 = Debug|Any CPU
		{2542A0F9-7047-435C-9DE6-FFB4E725735E}.Debug|Mixed Platforms.ActiveCfg = Debug|Any CPU
		{2542A0F9-7047-435C-9DE6-FFB4E725735E}.Debug|Mixed Platforms.Build.0 = Debug|Any CPU
		{2542A0F9-7047-435C-9DE6-FFB4E725735E}.Debug|Win32.ActiveCfg = Debug|Any CPU
		{2542A0F9-7047-435C-9DE6-FFB4E725735E}.Debug|Win32.Build.0 = Debug|Any CPU
		{2542A0F9-7047-435C-9DE6-FFB4E725735E}.Release|Any CPU.ActiveCfg = Release|Any CPU
		{2542A0F9-7047-435C-9DE6-FFB4E725735E}.Release|Any CPU.Build.0 = Release|Any CPU
		{2542A0F9-7047-435C-9DE6-FFB4E725735E}.Release|Mixed Platforms.ActiveCfg = Release|Any CPU
		{2542A0F9-7047-435C-9DE6-FFB4E725735E}.Release|Mixed Platforms.Build.0 = Release|Any CPU
		{2542A0F9-7047-435C-9DE6-FFB4E725735E}.Release|Win32.ActiveCfg = Release|Any CPU
		{2542A0F9-7047-435C-9DE6-FFB4E725735E}.Release|Win32.Build.0 = Release|Any CPU
		{DC02D40E-2926-459E-88BE-33D032E85706}.Debug|Any CPU.ActiveCfg = Debug|Win32
		{DC02D40E-2926-459E-88BE-33D032E85706}.Debug|Mixed Platforms.ActiveCfg = Debug|Win32
		{DC02D40E-2926-459E-88BE-33D032E85706}.Debug|Mixed Platforms.Build.0 = Debug|Win32
		{DC02D40E-2926-459E-88BE-33D032E85706}.Debug|Win32.ActiveCfg = Debug|Win32
		{DC02D40E-2926-459E-88BE-33D032E85706}.Debug|Win32.Build.0 = Debug|Win32
		{DC02D40E-2926-459E-88BE-33D032E85706}.Release|Any CPU.ActiveCfg = Release|Win32
		{DC02D40E-2926-459E-88BE-33D032E85706}.Release|Mixed Platforms.ActiveCfg = Release|Win32
		{DC02D40E-2926-459E-88BE-33D032E85706}.Release|Mixed Platforms.Build.0 = Release|Win32
		{DC02D40E-2926-459E-88BE-33D032E85706}.Release|Win32.ActiveCfg = Release|Win32
		{DC02D40E-2926-459E-88BE-33D032E85706}.Release|Win32.Build.0 = Release|Win32
		{DE6F7DFF-8AAE-4908-82F7-245D62CAB8C9}.Debug|Any CPU.ActiveCfg = Debug|Win32
		{DE6F7DFF-8AAE-4908-82F7-245D62CAB8C9}.Debug|Mixed Platforms.ActiveCfg = Debug|Win32
		{DE6F7DFF-8AAE-4908-82F7-245D62CAB8C9}.Debug|Mixed Platforms.Build.0 = Debug|Win32
		{DE6F7DFF-8AAE-4908-82F7-245D62CAB8C9}.Debug|Win32.ActiveCfg = Debug|Win32
		{DE6F7DFF-8AAE-4908-82F7-245D62CAB8C9}.Debug|Win32.Build.0 = Debug|Win32
		{DE6F7DFF-8AAE-4908-82F7-245D62CAB8C9}.Release|Any CPU.ActiveCfg = Release|Win32
		{DE6F7DFF-8AAE-4908-82F7-245D62CAB8C9}.Release|Mixed Platforms.ActiveCfg = Release|Win32
		{DE6F7DFF-8AAE-4908-82F7-245D62CAB8C9}.Release|Mixed Platforms.Build.0 = Release|Win32
		{DE6F7DFF-8AAE-4908-82F7-245D62CAB8C9}.Release|Win32.ActiveCfg = Release|Win32
		{DE6F7DFF-8AAE-4908-82F7-245D62CAB8C9}.Release|Win32.Build.0 = Release|Win32
		{A3FCDD45-CFE7-40C7-828D-38FB154ECECF}.Debug|Any CPU.ActiveCfg = Debug|Any CPU
		{A3FCDD45-CFE7-40C7-828D-38FB154ECECF}.Debug|Any CPU.Build.0 = Debug|Any CPU
		{A3FCDD45-CFE7-40C7-828D-38FB154ECECF}.Debug|Mixed Platforms.ActiveCfg = Debug|Any CPU
		{A3FCDD45-CFE7-40C7-828D-38FB154ECECF}.Debug|Mixed Platforms.Build.0 = Debug|Any CPU
		{A3FCDD45-CFE7-40C7-828D-38FB154ECECF}.Debug|Win32.ActiveCfg = Debug|Any CPU
		{A3FCDD45-CFE7-40C7-828D-38FB154ECECF}.Debug|Win32.Build.0 = Debug|Any CPU
		{A3FCDD45-CFE7-40C7-828D-38FB154ECECF}.Release|Any CPU.ActiveCfg = Release|Any CPU
		{A3FCDD45-CFE7-40C7-828D-38FB154ECECF}.Release|Any CPU.Build.0 = Release|Any CPU
		{A3FCDD45-CFE7-40C7-828D-38FB154ECECF}.Release|Mixed Platforms.ActiveCfg = Release|Any CPU
		{A3FCDD45-CFE7-40C7-828D-38FB154ECECF}.Release|Mixed Platforms.Build.0 = Release|Any CPU
		{A3FCDD45-CFE7-40C7-828D-38FB154ECECF}.Release|Win32.ActiveCfg = Release|Any CPU
		{A3FCDD45-CFE7-40C7-828D-38FB154ECECF}.Release|Win32.Build.0 = Release|Any CPU
		{2029BC8D-4AEF-42F7-BE74-641686AB3016}.Debug|Any CPU.ActiveCfg = Debug|Any CPU
		{2029BC8D-4AEF-42F7-BE74-641686AB3016}.Debug|Any CPU.Build.0 = Debug|Any CPU
		{2029BC8D-4AEF-42F7-BE74-641686AB3016}.Debug|Mixed Platforms.ActiveCfg = Debug|Any CPU
		{2029BC8D-4AEF-42F7-BE74-641686AB3016}.Debug|Mixed Platforms.Build.0 = Debug|Any CPU
		{2029BC8D-4AEF-42F7-BE74-641686AB3016}.Debug|Win32.ActiveCfg = Debug|Any CPU
		{2029BC8D-4AEF-42F7-BE74-641686AB3016}.Debug|Win32.Build.0 = Debug|Any CPU
		{2029BC8D-4AEF-42F7-BE74-641686AB3016}.Release|Any CPU.ActiveCfg = Release|Any CPU
		{2029BC8D-4AEF-42F7-BE74-641686AB3016}.Release|Any CPU.Build.0 = Release|Any CPU
		{2029BC8D-4AEF-42F7-BE74-641686AB3016}.Release|Mixed Platforms.ActiveCfg = Release|Any CPU
		{2029BC8D-4AEF-42F7-BE74-641686AB3016}.Release|Mixed Platforms.Build.0 = Release|Any CPU
		{2029BC8D-4AEF-42F7-BE74-641686AB3016}.Release|Win32.ActiveCfg = Release|Any CPU
		{2029BC8D-4AEF-42F7-BE74-641686AB3016}.Release|Win32.Build.0 = Release|Any CPU
	EndGlobalSection
	GlobalSection(SolutionProperties) = preSolution
		HideSolutionNode = FALSE
	EndGlobalSection
EndGlobal
