<?xml version="1.0" encoding="utf-8"?>
<Project ToolsVersion="4.0" xmlns="http://schemas.microsoft.com/developer/msbuild/2003">
  <ItemGroup>
    <ClCompile Include="src\CCNF_patch_expert.cpp">
      <Filter>Source Files</Filter>
    </ClCompile>
    <ClCompile Include="src\CLM.cpp">
      <Filter>Source Files</Filter>
    </ClCompile>
    <ClCompile Include="src\CLM_utils.cpp">
      <Filter>Source Files</Filter>
    </ClCompile>
    <ClCompile Include="src\CLMTracker.cpp">
      <Filter>Source Files</Filter>
    </ClCompile>
    <ClCompile Include="src\DetectionValidator.cpp">
      <Filter>Source Files</Filter>
    </ClCompile>
    <ClCompile Include="src\Patch_experts.cpp">
      <Filter>Source Files</Filter>
    </ClCompile>
    <ClCompile Include="src\PAW.cpp">
      <Filter>Source Files</Filter>
    </ClCompile>
    <ClCompile Include="src\PDM.cpp">
      <Filter>Source Files</Filter>
    </ClCompile>
    <ClCompile Include="src\stdafx.cpp">
      <Filter>Source Files</Filter>
    </ClCompile>
    <ClCompile Include="src\SVR_patch_expert.cpp">
      <Filter>Source Files</Filter>
    </ClCompile>
  </ItemGroup>
  <ItemGroup>
    <ClInclude Include="include\CCNF_patch_expert.h">
      <Filter>Header Files</Filter>
    </ClInclude>
    <ClInclude Include="include\CLM.h">
      <Filter>Header Files</Filter>
    </ClInclude>
    <ClInclude Include="include\CLM_utils.h">
      <Filter>Header Files</Filter>
    </ClInclude>
    <ClInclude Include="include\CLMParameters.h">
      <Filter>Header Files</Filter>
    </ClInclude>
    <ClInclude Include="include\CLMTracker.h">
      <Filter>Header Files</Filter>
    </ClInclude>
    <ClInclude Include="include\DetectionValidator.h">
      <Filter>Header Files</Filter>
    </ClInclude>
    <ClInclude Include="include\Patch_experts.h">
      <Filter>Header Files</Filter>
    </ClInclude>
    <ClInclude Include="include\PAW.h">
      <Filter>Header Files</Filter>
    </ClInclude>
    <ClInclude Include="include\PDM.h">
      <Filter>Header Files</Filter>
    </ClInclude>
    <ClInclude Include="include\stdafx.h">
      <Filter>Header Files</Filter>
    </ClInclude>
    <ClInclude Include="include\SVR_patch_expert.h">
      <Filter>Header Files</Filter>
    </ClInclude>
    <ClInclude Include="include\CLM_core.h">
      <Filter>Header Files</Filter>
    </ClInclude>
  </ItemGroup>
  <ItemGroup>
    <Filter Include="Header Files">
      <UniqueIdentifier>{0ce8f6a8-3ff1-46cb-9acb-08c16016e336}</UniqueIdentifier>
    </Filter>
    <Filter Include="Source Files">
      <UniqueIdentifier>{e4d28be1-f34e-4095-b453-7523001a5279}</UniqueIdentifier>
    </Filter>
  </ItemGroup>
</Project>